[[package]]
name = "asgiref"
version = "3.5.2"
description = "ASGI specs, helper code, and adapters"
category = "main"
optional = false
python-versions = ">=3.7"

[package.extras]
tests = ["mypy (>=0.800)", "pytest", "pytest-asyncio"]

[[package]]
name = "Django"
version = "4.1.1"
description = "A high-level Python web framework that encourages rapid development and clean, pragmatic design."
category = "main"
optional = false
python-versions = ">=3.8"

[package.dependencies]
asgiref = ">=3.5.2,<4"
sqlparse = ">=0.2.2"
tzdata = {version = "*", markers = "sys_platform == \"win32\""}

[package.extras]
argon2 = ["argon2-cffi (>=19.1.0)"]
bcrypt = ["bcrypt"]

[[package]]
name = "django-appconf"
version = "1.0.5"
description = "A helper class for handling configuration defaults of packaged apps gracefully."
category = "main"
optional = false
python-versions = ">=3.6"

[package.dependencies]
django = "*"

[[package]]
name = "django-compressor"
version = "4.1"
description = "Compresses linked and inline JavaScript or CSS into single cached files."
category = "main"
optional = false
python-versions = "*"

[package.dependencies]
django-appconf = ">=1.0.3"
rcssmin = "1.1.0"
rjsmin = "1.2.0"

[[package]]
name = "django-sass-processor"
version = "1.2.1"
description = "SASS processor to compile SCSS files into *.css, while rendering, or offline."
category = "main"
optional = false
python-versions = "*"

[package.extras]
management-command = ["django-compressor (>=2.4)"]

[[package]]
name = "gunicorn"
version = "20.1.0"
description = "WSGI HTTP Server for UNIX"
category = "main"
optional = false
python-versions = ">=3.5"

[package.dependencies]
setuptools = ">=3.0"

[package.extras]
eventlet = ["eventlet (>=0.24.1)"]
gevent = ["gevent (>=1.4.0)"]
setproctitle = ["setproctitle"]
tornado = ["tornado (>=0.2)"]

[[package]]
name = "libsass"
version = "0.21.0"
description = "Sass for Python: A straightforward binding of libsass for Python."
category = "main"
optional = false
python-versions = "*"

[package.dependencies]
six = "*"

[[package]]
name = "python-dotenv"
version = "0.21.0"
description = "Read key-value pairs from a .env file and set them as environment variables"
category = "main"
optional = false
python-versions = ">=3.7"

[package.extras]
cli = ["click (>=5.0)"]

[[package]]
name = "rcssmin"
version = "1.1.0"
description = "CSS Minifier"
category = "main"
optional = false
python-versions = "*"

[[package]]
name = "rjsmin"
version = "1.2.0"
description = "Javascript Minifier"
category = "main"
optional = false
python-versions = "*"

[[package]]
name = "setuptools"
version = "65.4.0"
description = "Easily download, build, install, upgrade, and uninstall Python packages"
category = "main"
optional = false
python-versions = ">=3.7"

[package.extras]
docs = ["furo", "jaraco.packaging (>=9)", "jaraco.tidelift (>=1.4)", "pygments-github-lexers (==0.0.5)", "rst.linker (>=1.9)", "sphinx", "sphinx-favicon", "sphinx-hoverxref (<2)", "sphinx-inline-tabs", "sphinx-notfound-page (==0.8.3)", "sphinx-reredirects", "sphinxcontrib-towncrier"]
testing = ["build[virtualenv]", "filelock (>=3.4.0)", "flake8 (<5)", "flake8-2020", "ini2toml[lite] (>=0.9)", "jaraco.envs (>=2.2)", "jaraco.path (>=3.2.0)", "mock", "pip (>=19.1)", "pip-run (>=8.8)", "pytest (>=6)", "pytest-black (>=0.3.7)", "pytest-checkdocs (>=2.4)", "pytest-cov", "pytest-enabler (>=1.3)", "pytest-flake8", "pytest-mypy (>=0.9.1)", "pytest-perf", "pytest-xdist", "tomli-w (>=1.0.0)", "virtualenv (>=13.0.0)", "wheel"]
testing-integration = ["build[virtualenv]", "filelock (>=3.4.0)", "jaraco.envs (>=2.2)", "jaraco.path (>=3.2.0)", "pytest", "pytest-enabler", "pytest-xdist", "tomli", "virtualenv (>=13.0.0)", "wheel"]

[[package]]
name = "six"
version = "1.16.0"
description = "Python 2 and 3 compatibility utilities"
category = "main"
optional = false
python-versions = ">=2.7, !=3.0.*, !=3.1.*, !=3.2.*"

[[package]]
name = "sqlparse"
version = "0.4.3"
description = "A non-validating SQL parser."
category = "main"
optional = false
python-versions = ">=3.5"

[[package]]
name = "tzdata"
version = "2022.4"
description = "Provider of IANA time zone data"
category = "main"
optional = false
python-versions = ">=2"

[metadata]
lock-version = "1.1"
python-versions = "^3.10"
content-hash = "dbe831991899dac0820f9977fefa936ac771ec221e55c3c8877938640aca3652"

[metadata.files]
asgiref = [
    {file = "asgiref-3.5.2-py3-none-any.whl", hash = "sha256:1d2880b792ae8757289136f1db2b7b99100ce959b2aa57fd69dab783d05afac4"},
    {file = "asgiref-3.5.2.tar.gz", hash = "sha256:4a29362a6acebe09bf1d6640db38c1dc3d9217c68e6f9f6204d72667fc19a424"},
]
Django = [
    {file = "Django-4.1.1-py3-none-any.whl", hash = "sha256:acb21fac9275f9972d81c7caf5761a89ec3ea25fe74545dd26b8a48cb3a0203e"},
    {file = "Django-4.1.1.tar.gz", hash = "sha256:a153ffd5143bf26a877bfae2f4ec736ebd8924a46600ca089ad96b54a1d4e28e"},
]
django-appconf = [
    {file = "django-appconf-1.0.5.tar.gz", hash = "sha256:be3db0be6c81fa84742000b89a81c016d70ae66a7ccb620cdef592b1f1a6aaa4"},
    {file = "django_appconf-1.0.5-py3-none-any.whl", hash = "sha256:ae9f864ee1958c815a965ed63b3fba4874eec13de10236ba063a788f9a17389d"},
]
django-compressor = [
    {file = "django_compressor-4.1-py2.py3-none-any.whl", hash = "sha256:61f313852b4c8d4ef2534cda3d2366f45ca3e399b3cbe10590e516cc6b45542d"},
    {file = "django_compressor-4.1.tar.gz", hash = "sha256:8ece621d2a98f6c6635480cb8b3701db890a99f793f95ca20cb00abc194d331d"},
]
django-sass-processor = [
    {file = "django-sass-processor-1.2.1.tar.gz", hash = "sha256:6f5ebcb3acbec8578285c8c7e9729e363cd5636f2d479a3f030dc53aaeb59571"},
    {file = "django_sass_processor-1.2.1-py3-none-any.whl", hash = "sha256:6d8a2cebf942d15de9126260a157d99875083b060c0379daed7820445833fcc3"},
]
gunicorn = [
    {file = "gunicorn-20.1.0-py3-none-any.whl", hash = "sha256:9dcc4547dbb1cb284accfb15ab5667a0e5d1881cc443e0677b4882a4067a807e"},
    {file = "gunicorn-20.1.0.tar.gz", hash = "sha256:e0a968b5ba15f8a328fdfd7ab1fcb5af4470c28aaf7e55df02a99bc13138e6e8"},
]
libsass = [
    {file = "libsass-0.21.0-cp27-cp27m-macosx_10_14_x86_64.whl", hash = "sha256:06c8776417fe930714bdc930a3d7e795ae3d72be6ac883ff72a1b8f7c49e5ffb"},
    {file = "libsass-0.21.0-cp27-cp27m-win32.whl", hash = "sha256:a005f298f64624f313a3ac618ab03f844c71d84ae4f4a4aec4b68d2a4ffe75eb"},
    {file = "libsass-0.21.0-cp27-cp27m-win_amd64.whl", hash = "sha256:6b984510ed94993708c0d697b4fef2d118929bbfffc3b90037be0f5ccadf55e7"},
    {file = "libsass-0.21.0-cp27-cp27mu-manylinux_2_5_x86_64.manylinux1_x86_64.whl", hash = "sha256:1e25dd9047a9392d3c59a0b869e0404f2b325a03871ee45285ee33b3664f5613"},
    {file = "libsass-0.21.0-cp36-abi3-macosx_10_14_x86_64.whl", hash = "sha256:12f39712de38689a8b785b7db41d3ba2ea1d46f9379d81ea4595802d91fa6529"},
    {file = "libsass-0.21.0-cp36-abi3-manylinux_2_5_x86_64.manylinux1_x86_64.whl", hash = "sha256:e2b1a7d093f2e76dc694c17c0c285e846d0b0deb0e8b21dc852ba1a3a4e2f1d6"},
    {file = "libsass-0.21.0-cp36-abi3-win32.whl", hash = "sha256:abc29357ee540849faf1383e1746d40d69ed5cb6d4c346df276b258f5aa8977a"},
    {file = "libsass-0.21.0-cp36-abi3-win_amd64.whl", hash = "sha256:659ae41af8708681fa3ec73f47b9735a6725e71c3b66ff570bfce78952f2314e"},
    {file = "libsass-0.21.0-cp38-abi3-macosx_12_0_arm64.whl", hash = "sha256:c9ec490609752c1d81ff6290da33485aa7cb6d7365ac665b74464c1b7d97f7da"},
    {file = "libsass-0.21.0.tar.gz", hash = "sha256:d5ba529d9ce668be9380563279f3ffe988f27bc5b299c5a28453df2e0b0fbaf2"},
]
python-dotenv = [
    {file = "python-dotenv-0.21.0.tar.gz", hash = "sha256:b77d08274639e3d34145dfa6c7008e66df0f04b7be7a75fd0d5292c191d79045"},
    {file = "python_dotenv-0.21.0-py3-none-any.whl", hash = "sha256:1684eb44636dd462b66c3ee016599815514527ad99965de77f43e0944634a7e5"},
]
rcssmin = [
    {file = "rcssmin-1.1.0-cp27-cp27m-manylinux1_i686.whl", hash = "sha256:2211a5c91ea14a5937b57904c9121f8bfef20987825e55368143da7d25446e3b"},
    {file = "rcssmin-1.1.0-cp27-cp27m-manylinux1_x86_64.whl", hash = "sha256:7085d1b51dd2556f3aae03947380f6e9e1da29fb1eeadfa6766b7f105c54c9ff"},
    {file = "rcssmin-1.1.0-cp27-cp27mu-manylinux1_i686.whl", hash = "sha256:1512223b6a687bb747e4e531187bd49a56ed71287e7ead9529cbaa1ca4718a0a"},
    {file = "rcssmin-1.1.0-cp27-cp27mu-manylinux1_x86_64.whl", hash = "sha256:6158d0d86cd611c5304d738dc3d6cfeb23864dd78ad0d83a633f443696ac5d77"},
    {file = "rcssmin-1.1.0-cp310-cp310-manylinux1_i686.whl", hash = "sha256:0a6aae7e119509445bf7aa6da6ca0f285cc198273c20f470ad999ff83bbadcf9"},
    {file = "rcssmin-1.1.0-cp310-cp310-manylinux1_x86_64.whl", hash = "sha256:506e33ab4c47051f7deae35b6d8dbb4a5c025f016e90a830929a1ecc7daa1682"},
    {file = "rcssmin-1.1.0-cp310-cp310-manylinux2014_aarch64.whl", hash = "sha256:352dd3a78eb914bb1cb269ac2b66b3154f2490a52ab605558c681de3fb5194d2"},
    {file = "rcssmin-1.1.0-cp36-cp36m-manylinux1_i686.whl", hash = "sha256:30f5522285065cae0164d20068377d84b5d10b414156115f8729b034d0ea5e8b"},
    {file = "rcssmin-1.1.0-cp36-cp36m-manylinux1_x86_64.whl", hash = "sha256:49807735f26f59404194f1e6f93254b6d5b6f7748c2a954f4470a86a40ff4c13"},
    {file = "rcssmin-1.1.0-cp36-cp36m-manylinux2014_aarch64.whl", hash = "sha256:f1a37bbd36b050813673e62ae6464467548628690bf4d48a938170e121e8616e"},
    {file = "rcssmin-1.1.0-cp37-cp37m-manylinux1_i686.whl", hash = "sha256:ddff3a41611664c7f1d9e3d8a9c1669e0e155ac0458e586ffa834dc5953e7d9f"},
    {file = "rcssmin-1.1.0-cp37-cp37m-manylinux1_x86_64.whl", hash = "sha256:8b659a88850e772c84cfac4520ec223de6807875e173d8ef3248ab7f90876066"},
    {file = "rcssmin-1.1.0-cp37-cp37m-manylinux2014_aarch64.whl", hash = "sha256:1d7c2719d014e4e4df4e33b75ae8067c7e246cf470eaec8585e06e2efac7586c"},
    {file = "rcssmin-1.1.0-cp38-cp38-manylinux1_i686.whl", hash = "sha256:37f1242e34ca273ed2c26cf778854e18dd11b31c6bfca60e23fce146c84667c1"},
    {file = "rcssmin-1.1.0-cp38-cp38-manylinux1_x86_64.whl", hash = "sha256:f31c82d06ba2dbf33c20db9550157e80bb0c4cbd24575c098f0831d1d2e3c5df"},
    {file = "rcssmin-1.1.0-cp38-cp38-manylinux2014_aarch64.whl", hash = "sha256:7da63fee37edf204bbd86785edb4d7491642adbfd1d36fd230b7ccbbd8db1a6f"},
    {file = "rcssmin-1.1.0-cp39-cp39-manylinux1_i686.whl", hash = "sha256:c28b9eb20982b45ebe6adef8bd2547e5ed314dafddfff4eba806b0f8c166cfd1"},
    {file = "rcssmin-1.1.0-cp39-cp39-manylinux1_x86_64.whl", hash = "sha256:32ccaebbbd4d56eab08cf26aed36f5d33389b9d1d3ca1fecf53eb6ab77760ddf"},
    {file = "rcssmin-1.1.0-cp39-cp39-manylinux2014_aarch64.whl", hash = "sha256:7c44002b79f3656348196005b9522ec5e04f182b466f66d72b16be0bd03c13d8"},
    {file = "rcssmin-1.1.0.tar.gz", hash = "sha256:27fc400627fd3d328b7fe95af2a01f5d0af6b5af39731af5d071826a1f08e362"},
]
rjsmin = [
    {file = "rjsmin-1.2.0-cp27-cp27m-manylinux1_i686.whl", hash = "sha256:e18fe1a610fb105273bb369f61c2b0bd9e66a3f0792e27e4cac44e42ace1968b"},
    {file = "rjsmin-1.2.0-cp27-cp27m-manylinux1_x86_64.whl", hash = "sha256:6c395ffc130332cca744f081ed5efd5699038dcb7a5d30c3ff4bc6adb5b30a62"},
    {file = "rjsmin-1.2.0-cp27-cp27mu-manylinux1_i686.whl", hash = "sha256:3b14f4c2933ec194eb816b71a0854ce461b6419a3d852bf360344731ab28c0a6"},
    {file = "rjsmin-1.2.0-cp27-cp27mu-manylinux1_x86_64.whl", hash = "sha256:54fc30519365841b27556ccc1cb94c5b4413c384ff6d467442fddba66e2e325a"},
    {file = "rjsmin-1.2.0-cp310-cp310-manylinux1_i686.whl", hash = "sha256:40e7211a25d9a11ac9ff50446e41268c978555676828af86fa1866615823bfff"},
    {file = "rjsmin-1.2.0-cp310-cp310-manylinux2014_aarch64.whl", hash = "sha256:99e5597a812b60058baa1457387dc79cca7d273b2a700dc98bfd20d43d60711d"},
    {file = "rjsmin-1.2.0-cp310-cp310-manylinux2014_x86_64.whl", hash = "sha256:993935654c1311280e69665367d7e6ff694ac9e1609168cf51cae8c0307df0db"},
    {file = "rjsmin-1.2.0-cp36-cp36m-manylinux1_i686.whl", hash = "sha256:c81229ffe5b0a0d5b3b5d5e6d0431f182572de9e9a077e85dbae5757db0ab75c"},
    {file = "rjsmin-1.2.0-cp36-cp36m-manylinux2014_aarch64.whl", hash = "sha256:1c93b29fd725e61718299ffe57de93ff32d71b313eaabbfcc7bd32ddb82831d5"},
    {file = "rjsmin-1.2.0-cp36-cp36m-manylinux2014_x86_64.whl", hash = "sha256:38a4474ed52e1575fb9da983ec8657faecd8ab3738508d36e04f87769411fd3d"},
    {file = "rjsmin-1.2.0-cp37-cp37m-manylinux1_i686.whl", hash = "sha256:1622fbb6c6a8daaf77da13cc83356539bfe79c1440f9664b02c7f7b150b9a18e"},
    {file = "rjsmin-1.2.0-cp37-cp37m-manylinux2014_aarch64.whl", hash = "sha256:4387a00777faddf853eebdece9f2e56ebaf243c3f24676a9de6a20c5d4f3d731"},
    {file = "rjsmin-1.2.0-cp37-cp37m-manylinux2014_x86_64.whl", hash = "sha256:86c4da7285ddafe6888cb262da563570f28e4a31146b5164a7a6947b1222196b"},
    {file = "rjsmin-1.2.0-cp38-cp38-manylinux1_i686.whl", hash = "sha256:d63e193a2f932a786ae82068aa76d1d126fcdff8582094caff9e5e66c4dcc124"},
    {file = "rjsmin-1.2.0-cp38-cp38-manylinux2014_aarch64.whl", hash = "sha256:05efa485dfddb6418e3b86d8862463aa15641a61f6ae05e7e6de8f116ee77c69"},
    {file = "rjsmin-1.2.0-cp38-cp38-manylinux2014_x86_64.whl", hash = "sha256:b6a7c8c8d19e154334f640954e43e57283e87bb4a2f6e23295db14eea8e9fc1d"},
    {file = "rjsmin-1.2.0-cp39-cp39-manylinux1_i686.whl", hash = "sha256:2ed83aca637186bafdc894b4b7fc3657e2d74014ccca7d3d69122c1e82675216"},
    {file = "rjsmin-1.2.0-cp39-cp39-manylinux2014_aarch64.whl", hash = "sha256:41c7c3910f7b8816e37366b293e576ddecf696c5f2197d53cf2c1526ac336646"},
    {file = "rjsmin-1.2.0-cp39-cp39-manylinux2014_x86_64.whl", hash = "sha256:8944a8a55ac825b8e5ec29f341ecb7574697691ef416506885898d2f780fb4ca"},
    {file = "rjsmin-1.2.0.tar.gz", hash = "sha256:6c529feb6c400984452494c52dd9fdf59185afeacca2afc5174a28ab37751a1b"},
]
setuptools = [
    {file = "setuptools-65.4.0-py3-none-any.whl", hash = "sha256:c2d2709550f15aab6c9110196ea312f468f41cd546bceb24127a1be6fdcaeeb1"},
    {file = "setuptools-65.4.0.tar.gz", hash = "sha256:a8f6e213b4b0661f590ccf40de95d28a177cd747d098624ad3f69c40287297e9"},
]
six = [
    {file = "six-1.16.0-py2.py3-none-any.whl", hash = "sha256:8abb2f1d86890a2dfb989f9a77cfcfd3e47c2a354b01111771326f8aa26e0254"},
    {file = "six-1.16.0.tar.gz", hash = "sha256:1e61c37477a1626458e36f7b1d82aa5c9b094fa4802892072e49de9c60c4c926"},
]
sqlparse = [
    {file = "sqlparse-0.4.3-py3-none-any.whl", hash = "sha256:0323c0ec29cd52bceabc1b4d9d579e311f3e4961b98d174201d5622a23b85e34"},
    {file = "sqlparse-0.4.3.tar.gz", hash = "sha256:69ca804846bb114d2ec380e4360a8a340db83f0ccf3afceeb1404df028f57268"},
]
tzdata = [
    {file = "tzdata-2022.4-py2.py3-none-any.whl", hash = "sha256:74da81ecf2b3887c94e53fc1d466d4362aaf8b26fc87cda18f22004544694583"},
    {file = "tzdata-2022.4.tar.gz", hash = "sha256:ada9133fbd561e6ec3d1674d3fba50251636e918aa97bd59d63735bef5a513bb"},
]
